
Microsoft Visual Studio Solution File, Format Version 12.00
# Visual Studio Version 17
VisualStudioVersion = 17.13.35806.99
MinimumVisualStudioVersion = 10.0.40219.1
Project("{FAE04EC0-301F-11D3-BF4B-00C04F79EFBC}") = "lesson1_2", "lesson1_2\lesson1_2.csproj", "{1C2B70FE-D987-4D63-A6CE-C5098AA66A93}"
EndProject
Project("{FAE04EC0-301F-11D3-BF4B-00C04F79EFBC}") = "lesson3_4", "lesson3_4\lesson3_4.csproj", "{ACB5DA37-EB13-410E-9852-4F70D574C7A5}"
EndProject
Project("{FAE04EC0-301F-11D3-BF4B-00C04F79EFBC}") = "lesson5_6", "lesson5_6\lesson5_6.csproj", "{429CB193-DBC1-4B3C-B2CC-51CBDE68E85D}"
EndProject
Project("{FAE04EC0-301F-11D3-BF4B-00C04F79EFBC}") = "lesson7_8", "lesson7_8\lesson7_8.csproj", "{9347C53D-D342-4581-AF02-8FA92C1BC611}"
EndProject
Project("{FAE04EC0-301F-11D3-BF4B-00C04F79EFBC}") = "lesson9_10", "lesson9_10\lesson9_10.csproj", "{4486F685-DCCC-471F-B911-A35BF9D4BA93}"
EndProject
Project("{FAE04EC0-301F-11D3-BF4B-00C04F79EFBC}") = "extra0", "extra0\extra0.csproj", "{672EB94B-8359-4509-ACE8-F15D093E5C87}"
EndProject
Global
	GlobalSection(SolutionConfigurationPlatforms) = preSolution
		Debug|Any CPU = Debug|Any CPU
		Release|Any CPU = Release|Any CPU
	EndGlobalSection
	GlobalSection(ProjectConfigurationPlatforms) = postSolution
		{1C2B70FE-D987-4D63-A6CE-C5098AA66A93}.Debug|Any CPU.ActiveCfg = Debug|Any CPU
		{1C2B70FE-D987-4D63-A6CE-C5098AA66A93}.Debug|Any CPU.Build.0 = Debug|Any CPU
		{1C2B70FE-D987-4D63-A6CE-C5098AA66A93}.Release|Any CPU.ActiveCfg = Release|Any CPU
		{1C2B70FE-D987-4D63-A6CE-C5098AA66A93}.Release|Any CPU.Build.0 = Release|Any CPU
		{ACB5DA37-EB13-410E-9852-4F70D574C7A5}.Debug|Any CPU.ActiveCfg = Debug|Any CPU
		{ACB5DA37-EB13-410E-9852-4F70D574C7A5}.Debug|Any CPU.Build.0 = Debug|Any CPU
		{ACB5DA37-EB13-410E-9852-4F70D574C7A5}.Release|Any CPU.ActiveCfg = Release|Any CPU
		{ACB5DA37-EB13-410E-9852-4F70D574C7A5}.Release|Any CPU.Build.0 = Release|Any CPU
		{429CB193-DBC1-4B3C-B2CC-51CBDE68E85D}.Debug|Any CPU.ActiveCfg = Debug|Any CPU
		{429CB193-DBC1-4B3C-B2CC-51CBDE68E85D}.Debug|Any CPU.Build.0 = Debug|Any CPU
		{429CB193-DBC1-4B3C-B2CC-51CBDE68E85D}.Release|Any CPU.ActiveCfg = Release|Any CPU
		{429CB193-DBC1-4B3C-B2CC-51CBDE68E85D}.Release|Any CPU.Build.0 = Release|Any CPU
		{9347C53D-D342-4581-AF02-8FA92C1BC611}.Debug|Any CPU.ActiveCfg = Debug|Any CPU
		{9347C53D-D342-4581-AF02-8FA92C1BC611}.Debug|Any CPU.Build.0 = Debug|Any CPU
		{9347C53D-D342-4581-AF02-8FA92C1BC611}.Release|Any CPU.ActiveCfg = Release|Any CPU
		{9347C53D-D342-4581-AF02-8FA92C1BC611}.Release|Any CPU.Build.0 = Release|Any CPU
		{4486F685-DCCC-471F-B911-A35BF9D4BA93}.Debug|Any CPU.ActiveCfg = Debug|Any CPU
		{4486F685-DCCC-471F-B911-A35BF9D4BA93}.Debug|Any CPU.Build.0 = Debug|Any CPU
		{4486F685-DCCC-471F-B911-A35BF9D4BA93}.Release|Any CPU.ActiveCfg = Release|Any CPU
		{4486F685-DCCC-471F-B911-A35BF9D4BA93}.Release|Any CPU.Build.0 = Release|Any CPU
		{672EB94B-8359-4509-ACE8-F15D093E5C87}.Debug|Any CPU.ActiveCfg = Debug|Any CPU
		{672EB94B-8359-4509-ACE8-F15D093E5C87}.Debug|Any CPU.Build.0 = Debug|Any CPU
		{672EB94B-8359-4509-ACE8-F15D093E5C87}.Release|Any CPU.ActiveCfg = Release|Any CPU
		{672EB94B-8359-4509-ACE8-F15D093E5C87}.Release|Any CPU.Build.0 = Release|Any CPU
	EndGlobalSection
	GlobalSection(SolutionProperties) = preSolution
		HideSolutionNode = FALSE
	EndGlobalSection
	GlobalSection(ExtensibilityGlobals) = postSolution
		SolutionGuid = {CEB1826D-0D24-4003-ACBB-AC174BA989A8}
	EndGlobalSection
EndGlobal
