
Microsoft Visual Studio Solution File, Format Version 12.00
# Visual Studio Version 17
VisualStudioVersion = 17.13.35806.99 d17.13
MinimumVisualStudioVersion = 10.0.40219.1
Project("{FAE04EC0-301F-11D3-BF4B-00C04F79EFBC}") = "imlearn", "imlearn\imlearn.csproj", "{65DA3918-B2F5-4BAA-B55F-6150FBD96168}"
EndProject
Global
	GlobalSection(SolutionConfigurationPlatforms) = preSolution
		Debug|Any CPU = Debug|Any CPU
		Release|Any CPU = Release|Any CPU
	EndGlobalSection
	GlobalSection(ProjectConfigurationPlatforms) = postSolution
		{65DA3918-B2F5-4BAA-B55F-6150FBD96168}.Debug|Any CPU.ActiveCfg = Debug|Any CPU
		{65DA3918-B2F5-4BAA-B55F-6150FBD96168}.Debug|Any CPU.Build.0 = Debug|Any CPU
		{65DA3918-B2F5-4BAA-B55F-6150FBD96168}.Release|Any CPU.ActiveCfg = Release|Any CPU
		{65DA3918-B2F5-4BAA-B55F-6150FBD96168}.Release|Any CPU.Build.0 = Release|Any CPU
	EndGlobalSection
	GlobalSection(SolutionProperties) = preSolution
		HideSolutionNode = FALSE
	EndGlobalSection
	GlobalSection(ExtensibilityGlobals) = postSolution
		SolutionGuid = {CEB1826D-0D24-4003-ACBB-AC174BA989A8}
	EndGlobalSection
EndGlobal
